{
  "R": {
    "Version": "4.5.0",
    "Repositories": [
      {
        "Name": "CRAN",
        "URL": "https://cloud.r-project.org"
      }
    ]
  },
  "Packages": {
    "DBI": {
      "Package": "DBI",
      "Version": "1.2.3",
      "Source": "Repository",
      "Repository": "CRAN"
    },
    "Formula": {
      "Package": "Formula",
      "Version": "1.2-5",
      "Source": "Repository",
      "Repository": "CRAN"
    },
    "Hmisc": {
      "Package": "Hmisc",
      "Version": "5.2-3",
      "Source": "Repository",
      "Repository": "CRAN"
    },
    "KernSmooth": {
      "Package": "KernSmooth",
      "Version": "2.23-26",
      "Source": "Repository",
      "Repository": "CRAN"
    },
    "MASS": {
      "Package": "MASS",
      "Version": "7.3-65",
      "Source": "Repository",
      "Repository": "CRAN"
    },
    "Matrix": {
      "Package": "Matrix",
      "Version": "1.7-3",
      "Source": "Repository",
      "Repository": "CRAN"
    },
    "R6": {
      "Package": "R6",
      "Version": "2.6.1",
      "Source": "Repository",
      "Repository": "CRAN"
    },
    "RColorBrewer": {
      "Package": "RColorBrewer",
      "Version": "1.1-3",
      "Source": "Repository",
      "Repository": "CRAN"
    },
    "Rcpp": {
      "Package": "Rcpp",
      "Version": "1.1.1",
      "Source": "Repository",
      "Repository": "CRAN"
    },
    "Rdpack": {
      "Package": "Rdpack",
      "Version": "2.6.4",
      "Source": "Repository",
      "Repository": "CRAN"
    },
    "S7": {
      "Package": "S7",
      "Version": "0.2.1",
      "Source": "Repository",
      "Repository": "CRAN"
    },
    "TH.data": {
      "Package": "TH.data",
      "Version": "1.1-3",
      "Source": "Repository",
      "Repository": "CRAN"
    },
    "abind": {
      "Package": "abind",
      "Version": "1.4-8",
      "Source": "Repository",
      "Repository": "CRAN"
    },
    "askpass": {
      "Package": "askpass",
      "Version": "1.2.1",
      "Source": "Repository",
      "Repository": "CRAN"
    },
    "backports": {
      "Package": "backports",
      "Version": "1.5.0",
      "Source": "Repository",
      "Repository": "CRAN"
    },
    "base64enc": {
      "Package": "base64enc",
      "Version": "0.1-3",
      "Source": "Repository",
      "Repository": "CRAN"
    },
    "bayestestR": {
      "Package": "bayestestR",
      "Version": "0.16.1",
      "Source": "Repository",
      "Repository": "CRAN"
    },
    "bit": {
      "Package": "bit",
      "Version": "4.6.0",
      "Source": "Repository",
      "Repository": "CRAN"
    },
    "bit64": {
      "Package": "bit64",
      "Version": "4.6.0-1",
      "Source": "Repository",
      "Repository": "CRAN"
    },
    "boot": {
      "Package": "boot",
      "Version": "1.3-31",
      "Source": "Repository",
      "Repository": "CRAN"
    },
    "broom": {
      "Package": "broom",
      "Version": "1.0.8",
      "Source": "Repository",
      "Repository": "CRAN"
    },
    "car": {
      "Package": "car",
      "Version": "3.1-3",
      "Source": "Repository",
      "Repository": "CRAN"
    },
    "carData": {
      "Package": "carData",
      "Version": "3.0-5",
      "Source": "Repository",
      "Repository": "CRAN"
    },
    "checkmate": {
      "Package": "checkmate",
      "Version": "2.3.2",
      "Source": "Repository",
      "Repository": "CRAN"
    },
    "chromote": {
      "Package": "chromote",
      "Version": "0.5.1",
      "Source": "Repository",
      "Repository": "CRAN"
    },
    "class": {
      "Package": "class",
      "Version": "7.3-23",
      "Source": "Repository",
      "Repository": "CRAN"
    },
    "classInt": {
      "Package": "classInt",
      "Version": "0.4-11",
      "Source": "Repository",
      "Repository": "CRAN"
    },
    "cli": {
      "Package": "cli",
      "Version": "3.6.5",
      "Source": "Repository",
      "Repository": "CRAN"
    },
    "cluster": {
      "Package": "cluster",
      "Version": "2.1.8.1",
      "Source": "Repository",
      "Repository": "CRAN"
    },
    "coda": {
      "Package": "coda",
      "Version": "0.19-4.1",
      "Source": "Repository",
      "Repository": "CRAN"
    },
    "codetools": {
      "Package": "codetools",
      "Version": "0.2-20",
      "Source": "Repository",
      "Repository": "CRAN"
    },
    "colorspace": {
      "Package": "colorspace",
      "Version": "2.1-1",
      "Source": "Repository",
      "Repository": "CRAN"
    },
    "compiler": {
      "Package": "compiler",
      "Version": "4.5.0",
      "Source": "Repository",
      "Repository": "CRAN"
    },
    "crayon": {
      "Package": "crayon",
      "Version": "1.5.3",
      "Source": "Repository",
      "Repository": "CRAN"
    },
    "curl": {
      "Package": "curl",
      "Version": "7.1.0",
      "Source": "Repository",
      "Repository": "CRAN"
    },
    "data.table": {
      "Package": "data.table",
      "Version": "1.18.4",
      "Source": "Repository",
      "Repository": "CRAN"
    },
    "datawizard": {
      "Package": "datawizard",
      "Version": "1.2.0",
      "Source": "Repository",
      "Repository": "CRAN"
    },
    "dichromat": {
      "Package": "dichromat",
      "Version": "2.0-0.1",
      "Source": "Repository",
      "Repository": "CRAN"
    },
    "digest": {
      "Package": "digest",
      "Version": "0.6.37",
      "Source": "Repository",
      "Repository": "CRAN"
    },
    "dplyr": {
      "Package": "dplyr",
      "Version": "1.2.1",
      "Source": "Repository",
      "Repository": "CRAN"
    },
    "e1071": {
      "Package": "e1071",
      "Version": "1.7-16",
      "Source": "Repository",
      "Repository": "CRAN"
    },
    "effectsize": {
      "Package": "effectsize",
      "Version": "1.0.1",
      "Source": "Repository",
      "Repository": "CRAN"
    },
    "emmeans": {
      "Package": "emmeans",
      "Version": "1.11.1",
      "Source": "Repository",
      "Repository": "CRAN"
    },
    "estimability": {
      "Package": "estimability",
      "Version": "1.5.1",
      "Source": "Repository",
      "Repository": "CRAN"
    },
    "evaluate": {
      "Package": "evaluate",
      "Version": "1.0.5",
      "Source": "Repository",
      "Repository": "CRAN"
    },
    "fansi": {
      "Package": "fansi",
      "Version": "1.0.6",
      "Source": "Repository",
      "Repository": "CRAN"
    },
    "farver": {
      "Package": "farver",
      "Version": "2.1.2",
      "Source": "Repository",
      "Repository": "CRAN"
    },
    "fastmap": {
      "Package": "fastmap",
      "Version": "1.2.0",
      "Source": "Repository",
      "Repository": "CRAN"
    },
    "flextable": {
      "Package": "flextable",
      "Version": "0.9.8",
      "Source": "Repository",
      "Repository": "CRAN"
    },
    "fontBitstreamVera": {
      "Package": "fontBitstreamVera",
      "Version": "0.1.1",
      "Source": "Repository",
      "Repository": "CRAN"
    },
    "fontLiberation": {
      "Package": "fontLiberation",
      "Version": "0.1.0",
      "Source": "Repository",
      "Repository": "CRAN"
    },
    "fontquiver": {
      "Package": "fontquiver",
      "Version": "0.2.1",
      "Source": "Repository",
      "Repository": "CRAN"
    },
    "forcats": {
      "Package": "forcats",
      "Version": "1.0.0",
      "Source": "Repository",
      "Repository": "CRAN"
    },
    "foreign": {
      "Package": "foreign",
      "Version": "0.8-90",
      "Source": "Repository",
      "Repository": "CRAN"
    },
    "future": {
      "Package": "future",
      "Version": "1.49.0",
      "Source": "Repository",
      "Repository": "CRAN"
    },
    "future.apply": {
      "Package": "future.apply",
      "Version": "1.11.3",
      "Source": "Repository",
      "Repository": "CRAN"
    },
    "gdtools": {
      "Package": "gdtools",
      "Version": "0.4.2",
      "Source": "Repository",
      "Repository": "CRAN"
    },
    "generics": {
      "Package": "generics",
      "Version": "0.1.4",
      "Source": "Repository",
      "Repository": "CRAN"
    },
    "ggplot2": {
      "Package": "ggplot2",
      "Version": "4.0.3",
      "Source": "Repository",
      "Repository": "CRAN"
    },
    "globals": {
      "Package": "globals",
      "Version": "0.18.0",
      "Source": "Repository",
      "Repository": "CRAN"
    },
    "glue": {
      "Package": "glue",
      "Version": "1.8.0",
      "Source": "Repository",
      "Repository": "CRAN"
    },
    "grid": {
      "Package": "grid",
      "Version": "4.5.0",
      "Source": "Repository",
      "Repository": "CRAN"
    },
    "gridExtra": {
      "Package": "gridExtra",
      "Version": "2.3",
      "Source": "Repository",
      "Repository": "CRAN"
    },
    "gtable": {
      "Package": "gtable",
      "Version": "0.3.6",
      "Source": "Repository",
      "Repository": "CRAN"
    },
    "haven": {
      "Package": "haven",
      "Version": "2.5.4",
      "Source": "Repository",
      "Repository": "CRAN"
    },
    "hms": {
      "Package": "hms",
      "Version": "1.1.3",
      "Source": "Repository",
      "Repository": "CRAN"
    },
    "htmlTable": {
      "Package": "htmlTable",
      "Version": "2.4.3",
      "Source": "Repository",
      "Repository": "CRAN"
    },
    "htmltools": {
      "Package": "htmltools",
      "Version": "0.5.8.1",
      "Source": "Repository",
      "Repository": "CRAN"
    },
    "htmlwidgets": {
      "Package": "htmlwidgets",
      "Version": "1.6.4",
      "Source": "Repository",
      "Repository": "CRAN"
    },
    "httr": {
      "Package": "httr",
      "Version": "1.4.8",
      "Source": "Repository",
      "Repository": "CRAN"
    },
    "insight": {
      "Package": "insight",
      "Version": "1.4.0",
      "Source": "Repository",
      "Repository": "CRAN"
    },
    "janitor": {
      "Package": "janitor",
      "Version": "2.2.1",
      "Source": "Repository",
      "Repository": "CRAN"
    },
    "jsonlite": {
      "Package": "jsonlite",
      "Version": "2.0.0",
      "Source": "Repository",
      "Repository": "CRAN"
    },
    "knitr": {
      "Package": "knitr",
      "Version": "1.50",
      "Source": "Repository",
      "Repository": "CRAN"
    },
    "labeling": {
      "Package": "labeling",
      "Version": "0.4.3",
      "Source": "Repository",
      "Repository": "CRAN"
    },
    "later": {
      "Package": "later",
      "Version": "1.4.2",
      "Source": "Repository",
      "Repository": "CRAN"
    },
    "lattice": {
      "Package": "lattice",
      "Version": "0.22-6",
      "Source": "Repository",
      "Repository": "CRAN"
    },
    "lifecycle": {
      "Package": "lifecycle",
      "Version": "1.0.5",
      "Source": "Repository",
      "Repository": "CRAN"
    },
    "listenv": {
      "Package": "listenv",
      "Version": "0.9.1",
      "Source": "Repository",
      "Repository": "CRAN"
    },
    "litedown": {
      "Package": "litedown",
      "Version": "0.7",
      "Source": "Repository",
      "Repository": "CRAN"
    },
    "lme4": {
      "Package": "lme4",
      "Version": "1.1-37",
      "Source": "Repository",
      "Repository": "CRAN"
    },
    "lmtest": {
      "Package": "lmtest",
      "Version": "0.9-40",
      "Source": "Repository",
      "Repository": "CRAN"
    },
    "lpSolve": {
      "Package": "lpSolve",
      "Version": "5.6.23",
      "Source": "Repository",
      "Repository": "CRAN"
    },
    "lubridate": {
      "Package": "lubridate",
      "Version": "1.9.5",
      "Source": "Repository",
      "Repository": "CRAN"
    },
    "magrittr": {
      "Package": "magrittr",
      "Version": "2.0.4",
      "Source": "Repository",
      "Repository": "CRAN"
    },
    "mediation": {
      "Package": "mediation",
      "Version": "4.5.1",
      "Source": "Repository",
      "Repository": "CRAN"
    },
    "minqa": {
      "Package": "minqa",
      "Version": "1.2.8",
      "Source": "Repository",
      "Repository": "CRAN"
    },
    "mnormt": {
      "Package": "mnormt",
      "Version": "2.1.1",
      "Source": "Repository",
      "Repository": "CRAN"
    },
    "modelsummary": {
      "Package": "modelsummary",
      "Version": "2.3.0",
      "Source": "Repository",
      "Repository": "CRAN"
    },
    "multcomp": {
      "Package": "multcomp",
      "Version": "1.4-28",
      "Source": "Repository",
      "Repository": "CRAN"
    },
    "mvtnorm": {
      "Package": "mvtnorm",
      "Version": "1.3-3",
      "Source": "Repository",
      "Repository": "CRAN"
    },
    "nlme": {
      "Package": "nlme",
      "Version": "3.1-168",
      "Source": "Repository",
      "Repository": "CRAN"
    },
    "nloptr": {
      "Package": "nloptr",
      "Version": "2.2.1",
      "Source": "Repository",
      "Repository": "CRAN"
    },
    "nnet": {
      "Package": "nnet",
      "Version": "7.3-20",
      "Source": "Repository",
      "Repository": "CRAN"
    },
    "officer": {
      "Package": "officer",
      "Version": "0.6.9",
      "Source": "Repository",
      "Repository": "CRAN"
    },
    "openssl": {
      "Package": "openssl",
      "Version": "2.4.2",
      "Source": "Repository",
      "Repository": "CRAN"
    },
    "otel": {
      "Package": "otel",
      "Version": "0.2.0",
      "Source": "Repository",
      "Repository": "CRAN"
    },
    "parallel": {
      "Package": "parallel",
      "Version": "4.5.0",
      "Source": "Repository",
      "Repository": "CRAN"
    },
    "parallelly": {
      "Package": "parallelly",
      "Version": "1.44.0",
      "Source": "Repository",
      "Repository": "CRAN"
    },
    "parameters": {
      "Package": "parameters",
      "Version": "0.28.0",
      "Source": "Repository",
      "Repository": "CRAN"
    },
    "performance": {
      "Package": "performance",
      "Version": "0.15.0",
      "Source": "Repository",
      "Repository": "CRAN"
    },
    "pillar": {
      "Package": "pillar",
      "Version": "1.11.1",
      "Source": "Repository",
      "Repository": "CRAN"
    },
    "pkgconfig": {
      "Package": "pkgconfig",
      "Version": "2.0.3",
      "Source": "Repository",
      "Repository": "CRAN"
    },
    "processx": {
      "Package": "processx",
      "Version": "3.8.6",
      "Source": "Repository",
      "Repository": "CRAN"
    },
    "promises": {
      "Package": "promises",
      "Version": "1.5.0",
      "Source": "Repository",
      "Repository": "CRAN"
    },
    "proxy": {
      "Package": "proxy",
      "Version": "0.4-27",
      "Source": "Repository",
      "Repository": "CRAN"
    },
    "ps": {
      "Package": "ps",
      "Version": "1.9.1",
      "Source": "Repository",
      "Repository": "CRAN"
    },
    "psych": {
      "Package": "psych",
      "Version": "2.6.5",
      "Source": "Repository",
      "Repository": "CRAN"
    },
    "purrr": {
      "Package": "purrr",
      "Version": "1.2.1",
      "Source": "Repository",
      "Repository": "CRAN"
    },
    "ragg": {
      "Package": "ragg",
      "Version": "1.4.0",
      "Source": "Repository",
      "Repository": "CRAN"
    },
    "rappdirs": {
      "Package": "rappdirs",
      "Version": "0.3.3",
      "Source": "Repository",
      "Repository": "CRAN"
    },
    "rbibutils": {
      "Package": "rbibutils",
      "Version": "2.3",
      "Source": "Repository",
      "Repository": "CRAN"
    },
    "readr": {
      "Package": "readr",
      "Version": "2.2.0",
      "Source": "Repository",
      "Repository": "CRAN"
    },
    "reformulas": {
      "Package": "reformulas",
      "Version": "0.4.1",
      "Source": "Repository",
      "Repository": "CRAN"
    },
    "rlang": {
      "Package": "rlang",
      "Version": "1.1.7",
      "Source": "Repository",
      "Repository": "CRAN"
    },
    "rmarkdown": {
      "Package": "rmarkdown",
      "Version": "2.31",
      "Source": "Repository",
      "Repository": "CRAN"
    },
    "rpart": {
      "Package": "rpart",
      "Version": "4.1.24",
      "Source": "Repository",
      "Repository": "CRAN"
    },
    "rstudioapi": {
      "Package": "rstudioapi",
      "Version": "0.19.0",
      "Source": "Repository",
      "Repository": "CRAN"
    },
    "rvest": {
      "Package": "rvest",
      "Version": "1.0.5",
      "Source": "Repository",
      "Repository": "CRAN"
    },
    "s2": {
      "Package": "s2",
      "Version": "1.1.9",
      "Source": "Repository",
      "Repository": "CRAN"
    },
    "sandwich": {
      "Package": "sandwich",
      "Version": "3.1-1",
      "Source": "Repository",
      "Repository": "CRAN"
    },
    "scales": {
      "Package": "scales",
      "Version": "1.4.0",
      "Source": "Repository",
      "Repository": "CRAN"
    },
    "sf": {
      "Package": "sf",
      "Version": "1.1-2",
      "Source": "Repository",
      "Repository": "CRAN"
    },
    "snakecase": {
      "Package": "snakecase",
      "Version": "0.11.1",
      "Source": "Repository",
      "Repository": "CRAN"
    },
    "splines": {
      "Package": "splines",
      "Version": "4.5.0",
      "Source": "Repository",
      "Repository": "CRAN"
    },
    "stringi": {
      "Package": "stringi",
      "Version": "1.8.7",
      "Source": "Repository",
      "Repository": "CRAN"
    },
    "stringr": {
      "Package": "stringr",
      "Version": "1.6.0",
      "Source": "Repository",
      "Repository": "CRAN"
    },
    "survival": {
      "Package": "survival",
      "Version": "3.8-3",
      "Source": "Repository",
      "Repository": "CRAN"
    },
    "systemfonts": {
      "Package": "systemfonts",
      "Version": "1.2.3",
      "Source": "Repository",
      "Repository": "CRAN"
    },
    "tables": {
      "Package": "tables",
      "Version": "0.9.31",
      "Source": "Repository",
      "Repository": "CRAN"
    },
    "terra": {
      "Package": "terra",
      "Version": "1.9-34",
      "Source": "Repository",
      "Repository": "CRAN"
    },
    "textshaping": {
      "Package": "textshaping",
      "Version": "1.0.1",
      "Source": "Repository",
      "Repository": "CRAN"
    },
    "tibble": {
      "Package": "tibble",
      "Version": "3.3.1",
      "Source": "Repository",
      "Repository": "CRAN"
    },
    "tidycensus": {
      "Package": "tidycensus",
      "Version": "1.7.1",
      "Source": "Repository",
      "Repository": "CRAN"
    },
    "tidyr": {
      "Package": "tidyr",
      "Version": "1.3.2",
      "Source": "Repository",
      "Repository": "CRAN"
    },
    "tidyselect": {
      "Package": "tidyselect",
      "Version": "1.2.1",
      "Source": "Repository",
      "Repository": "CRAN"
    },
    "tidyverse": {
      "Package": "tidyverse",
      "Version": "2.0.0",
      "Source": "Repository",
      "Repository": "CRAN"
    },
    "tigris": {
      "Package": "tigris",
      "Version": "2.2.1",
      "Source": "Repository",
      "Repository": "CRAN"
    },
    "timechange": {
      "Package": "timechange",
      "Version": "0.4.0",
      "Source": "Repository",
      "Repository": "CRAN"
    },
    "tinytable": {
      "Package": "tinytable",
      "Version": "0.9.0",
      "Source": "Repository",
      "Repository": "CRAN"
    },
    "tools": {
      "Package": "tools",
      "Version": "4.5.0",
      "Source": "Repository",
      "Repository": "CRAN"
    },
    "tzdb": {
      "Package": "tzdb",
      "Version": "0.5.0",
      "Source": "Repository",
      "Repository": "CRAN"
    },
    "units": {
      "Package": "units",
      "Version": "0.8-7",
      "Source": "Repository",
      "Repository": "CRAN"
    },
    "utf8": {
      "Package": "utf8",
      "Version": "1.2.6",
      "Source": "Repository",
      "Repository": "CRAN"
    },
    "uuid": {
      "Package": "uuid",
      "Version": "1.2-1",
      "Source": "Repository",
      "Repository": "CRAN"
    },
    "vctrs": {
      "Package": "vctrs",
      "Version": "0.7.2",
      "Source": "Repository",
      "Repository": "CRAN"
    },
    "vroom": {
      "Package": "vroom",
      "Version": "1.7.0",
      "Source": "Repository",
      "Repository": "CRAN"
    },
    "websocket": {
      "Package": "websocket",
      "Version": "1.4.4",
      "Source": "Repository",
      "Repository": "CRAN"
    },
    "withr": {
      "Package": "withr",
      "Version": "3.0.2",
      "Source": "Repository",
      "Repository": "CRAN"
    },
    "wk": {
      "Package": "wk",
      "Version": "0.9.4",
      "Source": "Repository",
      "Repository": "CRAN"
    },
    "xfun": {
      "Package": "xfun",
      "Version": "0.52",
      "Source": "Repository",
      "Repository": "CRAN"
    },
    "xml2": {
      "Package": "xml2",
      "Version": "1.6.0",
      "Source": "Repository",
      "Repository": "CRAN"
    },
    "xtable": {
      "Package": "xtable",
      "Version": "1.8-4",
      "Source": "Repository",
      "Repository": "CRAN"
    },
    "zip": {
      "Package": "zip",
      "Version": "2.3.3",
      "Source": "Repository",
      "Repository": "CRAN"
    },
    "zoo": {
      "Package": "zoo",
      "Version": "1.8-14",
      "Source": "Repository",
      "Repository": "CRAN"
    }
  }
}
